{
  "name": "IOE",
  "lockfileVersion": 2,
  "requires": true,
  "packages": {
    "": {
      "dependencies": {
        "draggable": "^4.2.0",
        "interactjs": "^1.10.17",
        "three-gltf-loader": "^1.111.0",
        "three.js": "^0.77.0"
      }
    },
    "node_modules/@interactjs/types": {
      "version": "1.10.17",
      "resolved": "https://registry.npmjs.org/@interactjs/types/-/types-1.10.17.tgz",
      "integrity": "sha512-X2JpoM7xUw0p9Me0tMaI0HNfcF/Hd07ZZlzpnpEMpGerUZOLoyeThrV9P+CrBHxZrluWJrigJbcdqXliFd0YMA=="
    },
    "node_modules/draggable": {
      "version": "4.2.0",
      "resolved": "https://registry.npmjs.org/draggable/-/draggable-4.2.0.tgz",
      "integrity": "sha512-mu0FSsNY1Sb2q3EuAi3IBI6oVMV8l74y6xxYmloHq2/PJjOJEfpZCLGShzNUQKAF7JMfxA6ejxoGPyw5x6v8Ow=="
    },
    "node_modules/interactjs": {
      "version": "1.10.17",
      "resolved": "https://registry.npmjs.org/interactjs/-/interactjs-1.10.17.tgz",
      "integrity": "sha512-grjHJgnWkCoQLmAlk2yalNd1r0ztUhXLJNVjSOfWn1wfNNgU2tx1cDEkro9WYerDNC9UG3MZTeD4O6zOM5gbIA==",
      "dependencies": {
        "@interactjs/types": "1.10.17"
      }
    },
    "node_modules/three": {
      "version": "0.147.0",
      "resolved": "https://registry.npmjs.org/three/-/three-0.147.0.tgz",
      "integrity": "sha512-LPTOslYQXFkmvceQjFTNnVVli2LaVF6C99Pv34fJypp8NbQLbTlu3KinZ0zURghS5zEehK+VQyvWuPZ/Sm8fzw==",
      "peer": true
    },
    "node_modules/three-gltf-loader": {
      "version": "1.111.0",
      "resolved": "https://registry.npmjs.org/three-gltf-loader/-/three-gltf-loader-1.111.0.tgz",
      "integrity": "sha512-f2d6J5sMEC+dvRcpRjE8g9vqtvpNfnR7bgd+R7Y0dj2mmHwKN5luKe/WYA0Z9+j7mhjla/AC5DGxdXsu8wFhug==",
      "deprecated": "Starting with three.js r103, GLTFLoader is included in the three package itself and installing three-gltf-loader is no longer necessary. It can be imported from 'three/examples/jsm/loaders/GLTFLoader'",
      "peerDependencies": {
        "three": ">=0.111.0"
      }
    },
    "node_modules/three.js": {
      "version": "0.77.0",
      "resolved": "https://registry.npmjs.org/three.js/-/three.js-0.77.0.tgz",
      "integrity": "sha512-ouSy18ZEiwz+aEsN5psLd7hftf08cyVw/zV1XFYjPhDDnUwIr+bEGryJAy6z3VbSJjuIQUbbM8FtWMZjGdqD+w=="
    }
  },
  "dependencies": {
    "@interactjs/types": {
      "version": "1.10.17",
      "resolved": "https://registry.npmjs.org/@interactjs/types/-/types-1.10.17.tgz",
      "integrity": "sha512-X2JpoM7xUw0p9Me0tMaI0HNfcF/Hd07ZZlzpnpEMpGerUZOLoyeThrV9P+CrBHxZrluWJrigJbcdqXliFd0YMA=="
    },
    "draggable": {
      "version": "4.2.0",
      "resolved": "https://registry.npmjs.org/draggable/-/draggable-4.2.0.tgz",
      "integrity": "sha512-mu0FSsNY1Sb2q3EuAi3IBI6oVMV8l74y6xxYmloHq2/PJjOJEfpZCLGShzNUQKAF7JMfxA6ejxoGPyw5x6v8Ow=="
    },
    "interactjs": {
      "version": "1.10.17",
      "resolved": "https://registry.npmjs.org/interactjs/-/interactjs-1.10.17.tgz",
      "integrity": "sha512-grjHJgnWkCoQLmAlk2yalNd1r0ztUhXLJNVjSOfWn1wfNNgU2tx1cDEkro9WYerDNC9UG3MZTeD4O6zOM5gbIA==",
      "requires": {
        "@interactjs/types": "1.10.17"
      }
    },
    "three": {
      "version": "0.147.0",
      "resolved": "https://registry.npmjs.org/three/-/three-0.147.0.tgz",
      "integrity": "sha512-LPTOslYQXFkmvceQjFTNnVVli2LaVF6C99Pv34fJypp8NbQLbTlu3KinZ0zURghS5zEehK+VQyvWuPZ/Sm8fzw==",
      "peer": true
    },
    "three-gltf-loader": {
      "version": "1.111.0",
      "resolved": "https://registry.npmjs.org/three-gltf-loader/-/three-gltf-loader-1.111.0.tgz",
      "integrity": "sha512-f2d6J5sMEC+dvRcpRjE8g9vqtvpNfnR7bgd+R7Y0dj2mmHwKN5luKe/WYA0Z9+j7mhjla/AC5DGxdXsu8wFhug==",
      "requires": {}
    },
    "three.js": {
      "version": "0.77.0",
      "resolved": "https://registry.npmjs.org/three.js/-/three.js-0.77.0.tgz",
      "integrity": "sha512-ouSy18ZEiwz+aEsN5psLd7hftf08cyVw/zV1XFYjPhDDnUwIr+bEGryJAy6z3VbSJjuIQUbbM8FtWMZjGdqD+w=="
    }
  }
}
